
Microsoft Visual Studio Solution File, Format Version 12.00
# Visual Studio 15
VisualStudioVersion = 15.0.28010.2048
MinimumVisualStudioVersion = 10.0.40219.1
Project("{FAE04EC0-301F-11D3-BF4B-00C04F79EFBC}") = "SignalRWebPack", "SignalRWebPack\SignalRWebPack.csproj", "{80FE03AF-EC41-496D-81A0-99216A7A8766}"
EndProject
Global
	GlobalSection(SolutionConfigurationPlatforms) = preSolution
		Debug|Any CPU = Debug|Any CPU
		Release|Any CPU = Release|Any CPU
	EndGlobalSection
	GlobalSection(ProjectConfigurationPlatforms) = postSolution
		{80FE03AF-EC41-496D-81A0-99216A7A8766}.Debug|Any CPU.ActiveCfg = Debug|Any CPU
		{80FE03AF-EC41-496D-81A0-99216A7A8766}.Debug|Any CPU.Build.0 = Debug|Any CPU
		{80FE03AF-EC41-496D-81A0-99216A7A8766}.Release|Any CPU.ActiveCfg = Release|Any CPU
		{80FE03AF-EC41-496D-81A0-99216A7A8766}.Release|Any CPU.Build.0 = Release|Any CPU
	EndGlobalSection
	GlobalSection(SolutionProperties) = preSolution
		HideSolutionNode = FALSE
	EndGlobalSection
	GlobalSection(ExtensibilityGlobals) = postSolution
		SolutionGuid = {2021061C-83DE-4A1F-B350-907868AD6034}
	EndGlobalSection
EndGlobal
